<?xml version="1.0" encoding="utf-8"?>
<Project ToolsVersion="4.0" xmlns="http://schemas.microsoft.com/developer/msbuild/2003">
  <ItemGroup>
    <Filter Include="Source Files">
      <UniqueIdentifier>{4FC737F1-C7A5-4376-A066-2A32D752A2FF}</UniqueIdentifier>
      <Extensions>cpp;c;cc;cxx;c++;cppm;ixx;def;odl;idl;hpj;bat;asm;asmx</Extensions>
    </Filter>
    <Filter Include="Header Files">
      <UniqueIdentifier>{93995380-89BD-4b04-88EB-625FBE52EBFB}</UniqueIdentifier>
      <Extensions>h;hh;hpp;hxx;h++;hm;inl;inc;ipp;xsd</Extensions>
    </Filter>
    <Filter Include="Resource Files">
      <UniqueIdentifier>{67DA6AB6-F800-4c08-8B7A-83BB121AAD01}</UniqueIdentifier>
      <Extensions>rc;ico;cur;bmp;dlg;rc2;rct;bin;rgs;gif;jpg;jpeg;jpe;resx;tiff;tif;png;wav;mfcribbon-ms</Extensions>
    </Filter>
    <Filter Include="Source Files\Imgui">
      <UniqueIdentifier>{8f7a4cba-2926-4e87-8594-363d424f9d36}</UniqueIdentifier>
    </Filter>
    <Filter Include="Header Files\Imgui">
      <UniqueIdentifier>{2fd86628-0f70-4fdc-87f5-ca4c28ded7a2}</UniqueIdentifier>
    </Filter>
    <Filter Include="Header Files\Engine Files">
      <UniqueIdentifier>{f0443436-94b2-4df2-9cce-abb0ef2280a9}</UniqueIdentifier>
    </Filter>
    <Filter Include="Source Files\Engine Files">
      <UniqueIdentifier>{ea32a315-5c4e-4b85-b748-2600d5c7de81}</UniqueIdentifier>
    </Filter>
    <Filter Include="Header Files\Player">
      <UniqueIdentifier>{b6f86419-dcec-43dc-ac9b-898a16dc0f37}</UniqueIdentifier>
    </Filter>
    <Filter Include="Header Files\Physics">
      <UniqueIdentifier>{eced2dd5-bc78-4c47-9087-7cad1c9cefd8}</UniqueIdentifier>
    </Filter>
    <Filter Include="Header Files\Shooter">
      <UniqueIdentifier>{d9a52c5a-2257-49c6-b88e-281dd58796f0}</UniqueIdentifier>
    </Filter>
  </ItemGroup>
  <ItemGroup>
    <ClCompile Include="..\glad (2)\src\glad.c">
      <Filter>Source Files</Filter>
    </ClCompile>
    <ClCompile Include="..\imgui-master (1)\imgui-master\imgui.cpp">
      <Filter>Source Files\Imgui</Filter>
    </ClCompile>
    <ClCompile Include="..\imgui-master (1)\imgui-master\imgui_demo.cpp">
      <Filter>Source Files\Imgui</Filter>
    </ClCompile>
    <ClCompile Include="..\imgui-master (1)\imgui-master\imgui_draw.cpp">
      <Filter>Source Files\Imgui</Filter>
    </ClCompile>
    <ClCompile Include="..\imgui-master (1)\imgui-master\imgui_tables.cpp">
      <Filter>Source Files\Imgui</Filter>
    </ClCompile>
    <ClCompile Include="..\imgui-master (1)\imgui-master\imgui_widgets.cpp">
      <Filter>Source Files\Imgui</Filter>
    </ClCompile>
    <ClCompile Include="..\imgui-master (1)\imgui-master\backends\imgui_impl_glfw.cpp">
      <Filter>Source Files\Imgui</Filter>
    </ClCompile>
    <ClCompile Include="..\imgui-master (1)\imgui-master\backends\imgui_impl_opengl3.cpp">
      <Filter>Source Files\Imgui</Filter>
    </ClCompile>
    <ClCompile Include="..\imgui-master (1)\imgui-master\backends\imgui_impl_opengl2.cpp">
      <Filter>Source Files\Imgui</Filter>
    </ClCompile>
    <ClCompile Include="window.cpp">
      <Filter>Source Files\Engine Files</Filter>
    </ClCompile>
    <ClCompile Include="camera.cpp">
      <Filter>Source Files\Engine Files</Filter>
    </ClCompile>
    <ClCompile Include="shader.cpp">
      <Filter>Source Files\Engine Files</Filter>
    </ClCompile>
    <ClCompile Include="collision.cpp">
      <Filter>Source Files\Engine Files</Filter>
    </ClCompile>
    <ClCompile Include="debugdraw.cpp">
      <Filter>Source Files\Engine Files</Filter>
    </ClCompile>
    <ClCompile Include="skybox.cpp">
      <Filter>Source Files\Engine Files</Filter>
    </ClCompile>
    <ClCompile Include="texture.cpp">
      <Filter>Source Files\Engine Files</Filter>
    </ClCompile>
    <ClCompile Include="mapfile.cpp">
      <Filter>Source Files\Engine Files</Filter>
    </ClCompile>
    <ClCompile Include="shadow.cpp">
      <Filter>Source Files\Engine Files</Filter>
    </ClCompile>
    <ClCompile Include="gbuffer.cpp">
      <Filter>Source Files\Engine Files</Filter>
    </ClCompile>
    <ClCompile Include="ssao.cpp">
      <Filter>Source Files\Engine Files</Filter>
    </ClCompile>
    <ClCompile Include="ssgi.cpp">
      <Filter>Source Files\Engine Files</Filter>
    </ClCompile>
    <ClCompile Include="main.cpp">
      <Filter>Source Files\Engine Files</Filter>
    </ClCompile>
    <ClCompile Include="player.cpp">
      <Filter>Header Files\Player</Filter>
    </ClCompile>
  </ItemGroup>
  <ItemGroup>
    <ClInclude Include="..\imgui-master (1)\imgui-master\imgui.h">
      <Filter>Header Files\Imgui</Filter>
    </ClInclude>
    <ClInclude Include="..\imgui-master (1)\imgui-master\imgui_internal.h">
      <Filter>Header Files\Imgui</Filter>
    </ClInclude>
    <ClInclude Include="..\imgui-master (1)\imgui-master\imconfig.h">
      <Filter>Header Files\Imgui</Filter>
    </ClInclude>
    <ClInclude Include="..\imgui-master (1)\imgui-master\imstb_rectpack.h">
      <Filter>Header Files\Imgui</Filter>
    </ClInclude>
    <ClInclude Include="..\imgui-master (1)\imgui-master\imstb_textedit.h">
      <Filter>Header Files\Imgui</Filter>
    </ClInclude>
    <ClInclude Include="..\imgui-master (1)\imgui-master\imstb_truetype.h">
      <Filter>Header Files\Imgui</Filter>
    </ClInclude>
    <ClInclude Include="..\imgui-master (1)\imgui-master\backends\imgui_impl_glfw.h">
      <Filter>Header Files\Imgui</Filter>
    </ClInclude>
    <ClInclude Include="..\imgui-master (1)\imgui-master\backends\imgui_impl_opengl3.h">
      <Filter>Header Files\Imgui</Filter>
    </ClInclude>
    <ClInclude Include="window.h">
      <Filter>Header Files\Engine Files</Filter>
    </ClInclude>
    <ClInclude Include="camera.h">
      <Filter>Header Files\Engine Files</Filter>
    </ClInclude>
    <ClInclude Include="shader.h">
      <Filter>Header Files\Engine Files</Filter>
    </ClInclude>
    <ClInclude Include="collision.h">
      <Filter>Header Files\Engine Files</Filter>
    </ClInclude>
    <ClInclude Include="debugdraw.h">
      <Filter>Header Files\Engine Files</Filter>
    </ClInclude>
    <ClInclude Include="skybox.h">
      <Filter>Header Files\Engine Files</Filter>
    </ClInclude>
    <ClInclude Include="texture.h">
      <Filter>Header Files\Engine Files</Filter>
    </ClInclude>
    <ClInclude Include="mapfile.h">
      <Filter>Header Files\Engine Files</Filter>
    </ClInclude>
    <ClInclude Include="shadow.h">
      <Filter>Header Files\Engine Files</Filter>
    </ClInclude>
    <ClInclude Include="gbuffer.h">
      <Filter>Header Files\Engine Files</Filter>
    </ClInclude>
    <ClInclude Include="ssao.h">
      <Filter>Header Files\Engine Files</Filter>
    </ClInclude>
    <ClInclude Include="ssgi.h">
      <Filter>Header Files\Engine Files</Filter>
    </ClInclude>
    <ClInclude Include="stb_image.h">
      <Filter>Header Files\Imgui</Filter>
    </ClInclude>
    <ClInclude Include="player.h">
      <Filter>Header Files\Player</Filter>
    </ClInclude>
    <ClInclude Include="rigidbody.h">
      <Filter>Header Files\Physics</Filter>
    </ClInclude>
    <ClInclude Include="collider.h">
      <Filter>Header Files\Physics</Filter>
    </ClInclude>
    <ClInclude Include="physics_world.h">
      <Filter>Header Files\Physics</Filter>
    </ClInclude>
    <ClInclude Include="raycast.h">
      <Filter>Header Files\Shooter</Filter>
    </ClInclude>
  </ItemGroup>
</Project>